PODS:
  - DrLibPhonenumberSwiftBundler (0.1.0)
  - Nimble (8.0.9)
  - Quick (2.2.1)

DEPENDENCIES:
  - DrLibPhonenumberSwiftBundler (from `../`)
  - Nimble (~> 8.0.7)
  - Quick (~> 2.2.0)

SPEC REPOS:
  trunk:
    - Nimble
    - Quick

EXTERNAL SOURCES:
  DrLibPhonenumberSwiftBundler:
    :path: "../"

SPEC CHECKSUMS:
  DrLibPhonenumberSwiftBundler: 4e6efcbc0df6c57fac76b5d2b3c36940768a9ed3
  Nimble: 98b888285a615fd34f20e61753cf58ea1402bde4
  Quick: f5754d69b7013f5864c29aab9ae6f0c79c5bc200

PODFILE CHECKSUM: df0b999660b51b1a9ae32fee08908c6814a96edb

COCOAPODS: 1.11.2
